
Microsoft Visual Studio Solution File, Format Version 12.00
# Visual Studio Version 16
VisualStudioVersion = 16.0.31019.35
MinimumVisualStudioVersion = 10.0.40219.1
Project("{FAE04EC0-301F-11D3-BF4B-00C04F79EFBC}") = "Expressive Words", "Expressive Words\Expressive Words.csproj", "{4088773F-855A-4866-9851-F6C09F150ACF}"
EndProject
Global
	GlobalSection(SolutionConfigurationPlatforms) = preSolution
		Debug|Any CPU = Debug|Any CPU
		Release|Any CPU = Release|Any CPU
	EndGlobalSection
	GlobalSection(ProjectConfigurationPlatforms) = postSolution
		{4088773F-855A-4866-9851-F6C09F150ACF}.Debug|Any CPU.ActiveCfg = Debug|Any CPU
		{4088773F-855A-4866-9851-F6C09F150ACF}.Debug|Any CPU.Build.0 = Debug|Any CPU
		{4088773F-855A-4866-9851-F6C09F150ACF}.Release|Any CPU.ActiveCfg = Release|Any CPU
		{4088773F-855A-4866-9851-F6C09F150ACF}.Release|Any CPU.Build.0 = Release|Any CPU
	EndGlobalSection
	GlobalSection(SolutionProperties) = preSolution
		HideSolutionNode = FALSE
	EndGlobalSection
	GlobalSection(ExtensibilityGlobals) = postSolution
		SolutionGuid = {EAA0F9AA-2477-45AA-8AFA-0C9F20C4BD76}
	EndGlobalSection
EndGlobal
